#MicroXplorer Configuration settings - do not modify
Mcu.Family=STM32L0
RCC.MSI_VALUE=2097000
ProjectManager.MainLocation=Core/Src
PC15-OSC32_OUT.Mode=LSE-External-Oscillator
PA6.Mode=Full_Duplex_Master
RCC.USART1Freq_Value=2097000
ProjectManager.ProjectFileName=lora tracker.ioc
USART2.IPParameters=VirtualMode-Multiprocessor_communication
PA7.Mode=Full_Duplex_Master
ProjectManager.KeepUserCode=true
PA10.Mode=Multiprocessor_communication
Mcu.UserName=STM32L052K6Tx
Mcu.PinsNb=24
SPI1.VirtualType=VM_MASTER
ProjectManager.NoMain=false
SPI1.IPParameters=VirtualType,Mode,Direction,CalculateBaudRate,VirtualNSS
RCC.PLLCLKFreq_Value=24000000
PA0.GPIO_Label=buzzer
PA12.GPIOParameters=GPIO_Label
ProjectManager.functionlistsort=1-MX_GPIO_Init-GPIO-false-HAL-true,2-SystemClock_Config-RCC-false-HAL-false,3-MX_USART2_UART_Init-USART2-false-HAL-true,4-MX_I2C1_Init-I2C1-false-HAL-true,5-MX_SPI1_Init-SPI1-false-HAL-true,6-MX_USART1_UART_Init-USART1-false-HAL-true
PA11.GPIOParameters=GPIO_Label
RCC.RTCFreq_Value=37000
PA11.GPIO_Label=GPS_WAKE
ProjectManager.DefaultFWLocation=true
RCC.USART2Freq_Value=2097000
NVIC.SVC_IRQn=true\:0\:0\:false\:false\:true\:false\:false
ProjectManager.DeletePrevious=true
USART1.IPParameters=VirtualMode-Multiprocessor_communication
PC14-OSC32_IN.Signal=RCC_OSC32_IN
RCC.48CLKFreq_Value=24000000
PinOutPanel.RotationAngle=0
PA12.GPIO_Label=GPS_PPS
RCC.FamilyName=M
ProjectManager.StackSize=0x400
PB5.GPIOParameters=GPIO_Label
RCC.WatchDogFreq_Value=37000
PA3.Mode=Multiprocessor_communication
PA13.Signal=SYS_SWDIO
Mcu.IP4=SPI1
RCC.HSI16_VALUE=16000000
Mcu.IP5=SYS
Mcu.IP2=NVIC
Mcu.IP3=RCC
Mcu.IP0=ADC
PA9.Mode=Multiprocessor_communication
PA11.Locked=true
PA12.Locked=true
Mcu.IP1=I2C1
PA12.Signal=GPIO_Input
Mcu.UserConstants=
PA4.Mode=NSS_Signal_Hard_Output
ProjectManager.TargetToolchain=STM32CubeIDE
Mcu.ThirdPartyNb=0
SPI1.Direction=SPI_DIRECTION_2LINES
Mcu.IPNb=8
ProjectManager.PreviousToolchain=
RCC.APB2TimFreq_Value=2097000
PA9.Signal=USART1_TX
PB6.Signal=I2C1_SCL
PB5.Locked=true
PB6.Mode=I2C
SPI1.CalculateBaudRate=1.0485 MBits/s
Mcu.Pin6=PA4
Mcu.Pin7=PA5
ProjectManager.RegisterCallBack=
Mcu.Pin8=PA6
Mcu.Pin9=PA7
PC15-OSC32_OUT.Signal=RCC_OSC32_OUT
PA1.Signal=GPIO_Output
RCC.AHBFreq_Value=2097000
Mcu.Pin0=PC14-OSC32_IN
Mcu.Pin1=PC15-OSC32_OUT
Mcu.Pin2=PA0
Mcu.Pin3=PA1
Mcu.Pin4=PA2
Mcu.Pin5=PA3
PA5.Signal=SPI1_SCK
ProjectManager.ProjectBuild=false
PA0.Locked=true
PB0.Mode=IN8
PA8.Locked=true
board=custom
RCC.VCOOutputFreq_Value=48000000
NVIC.SysTick_IRQn=true\:0\:0\:false\:false\:true\:false\:true
ProjectManager.LastFirmware=true
ProjectManager.FirmwarePackage=STM32Cube FW_L0 V1.12.0
MxDb.Version=DB.6.0.21
RCC.APB2Freq_Value=2097000
PA1.GPIOParameters=GPIO_Label
ProjectManager.BackupPrevious=false
MxCube.Version=6.2.1
PC14-OSC32_IN.Mode=LSE-External-Oscillator
RCC.I2C1Freq_Value=2097000
SPI1.Mode=SPI_MODE_MASTER
PA14.Mode=Serial_Wire
File.Version=6
PA1.GPIO_Label=SSR
VP_SYS_VS_Systick.Mode=SysTick
PB3.GPIOParameters=GPIO_Label
PB7.Signal=I2C1_SDA
PA8.Signal=GPIO_Output
NVIC.NonMaskableInt_IRQn=true\:0\:0\:false\:false\:true\:false\:false
SPI1.VirtualNSS=VM_NSSHARD
NVIC.PendSV_IRQn=true\:0\:0\:false\:false\:true\:false\:false
PA13.Mode=Serial_Wire
ProjectManager.FreePins=false
RCC.IPParameters=48CLKFreq_Value,AHBFreq_Value,APB1Freq_Value,APB1TimFreq_Value,APB2Freq_Value,APB2TimFreq_Value,FamilyName,HSI16_VALUE,HSI48_VALUE,HSI_VALUE,I2C1Freq_Value,LPTIMFreq_Value,LSI_VALUE,MSI_VALUE,PLLCLKFreq_Value,PWRFreq_Value,RTCFreq_Value,SYSCLKFreq_VALUE,TIMFreq_Value,USART1Freq_Value,USART2Freq_Value,VCOOutputFreq_Value,WatchDogFreq_Value
ProjectManager.AskForMigrate=true
Mcu.Name=STM32L052K(6-8)Tx
ProjectManager.HalAssertFull=false
USART1.VirtualMode-Multiprocessor_communication=VM_ASYNC
PA2.Signal=USART2_TX
ProjectManager.ProjectName=lora tracker
ProjectManager.UnderRoot=true
PA0.Signal=GPIO_Output
Mcu.IP6=USART1
USART2.VirtualMode-Multiprocessor_communication=VM_ASYNC
Mcu.IP7=USART2
ProjectManager.CoupleFile=false
PB4.Locked=true
PB3.Signal=GPIO_Output
PA4.Signal=SPI1_NSS
RCC.SYSCLKFreq_VALUE=2097000
Mcu.Package=LQFP32
PB5.Signal=GPIO_Input
Mcu.Pin22=PB7
PA6.Signal=SPI1_MISO
Mcu.Pin23=VP_SYS_VS_Systick
PA1.Locked=true
Mcu.Pin20=PB5
Mcu.Pin21=PB6
NVIC.ForceEnableDMAVector=true
KeepUserPlacement=false
ProjectManager.CompilerOptimize=6
ProjectManager.ToolChainLocation=
RCC.LSI_VALUE=37000
VP_SYS_VS_Systick.Signal=SYS_VS_Systick
PB7.Mode=I2C
PA11.Signal=GPIO_Output
PA10.Signal=USART1_RX
PA14.Signal=SYS_SWCLK
ProjectManager.HeapSize=0x200
PA0.GPIOParameters=GPIO_Label
Mcu.Pin15=PA12
NVIC.HardFault_IRQn=true\:0\:0\:false\:false\:true\:false\:false
Mcu.Pin16=PA13
Mcu.Pin13=PA10
Mcu.Pin14=PA11
Mcu.Pin19=PB4
ProjectManager.ComputerToolchain=false
Mcu.Pin17=PA14
RCC.HSI_VALUE=16000000
Mcu.Pin18=PB3
Mcu.Pin11=PA8
Mcu.Pin12=PA9
PB5.GPIO_Label=LIS_INT1
Mcu.Pin10=PB0
RCC.APB1TimFreq_Value=2097000
PA2.Mode=Multiprocessor_communication
RCC.PWRFreq_Value=2097000
RCC.APB1Freq_Value=2097000
PB0.Signal=ADC_IN8
ProjectManager.CustomerFirmwarePackage=
ProjectManager.DeviceId=STM32L052K6Tx
ProjectManager.LibraryCopy=1
RCC.HSI48_VALUE=48000000
RCC.LPTIMFreq_Value=2097000
PB3.Locked=true
PB4.Signal=GPIO_Input
PA3.Signal=USART2_RX
PA7.Signal=SPI1_MOSI
PA5.Mode=Full_Duplex_Master
RCC.TIMFreq_Value=2097000
PB3.GPIO_Label=LORA_RESET
isbadioc=false
